
Microsoft Visual Studio Solution File, Format Version 12.00
# Visual Studio 15
VisualStudioVersion = 15.0.28307.271
MinimumVisualStudioVersion = 10.0.40219.1
Project("{FAE04EC0-301F-11D3-BF4B-00C04F79EFBC}") = "Profile.Android", "Profile\Profile.Android\Profile.Android.csproj", "{8367D2ED-1955-4A36-8400-B0332DB94F6E}"
EndProject
Project("{FAE04EC0-301F-11D3-BF4B-00C04F79EFBC}") = "Profile.iOS", "Profile\Profile.iOS\Profile.iOS.csproj", "{C6375BCB-2916-4CDF-BB64-592418ED2299}"
EndProject
Project("{9A19103F-16F7-4668-BE54-9A1E7A4F7556}") = "Profile", "Profile\Profile\Profile.csproj", "{355A64B5-72BD-4A72-A4A4-F036FDAB6CCA}"
EndProject
Project("{FAE04EC0-301F-11D3-BF4B-00C04F79EFBC}") = "UnitTestProject", "UnitTestProject\UnitTestProject.csproj", "{6E93D741-66BC-4088-8B3D-C5BB1CF20B91}"
EndProject
Global
	GlobalSection(SolutionConfigurationPlatforms) = preSolution
		Ad-Hoc|Any CPU = Ad-Hoc|Any CPU
		Ad-Hoc|iPhone = Ad-Hoc|iPhone
		Ad-Hoc|iPhoneSimulator = Ad-Hoc|iPhoneSimulator
		AppStore|Any CPU = AppStore|Any CPU
		AppStore|iPhone = AppStore|iPhone
		AppStore|iPhoneSimulator = AppStore|iPhoneSimulator
		Debug|Any CPU = Debug|Any CPU
		Debug|iPhone = Debug|iPhone
		Debug|iPhoneSimulator = Debug|iPhoneSimulator
		Release|Any CPU = Release|Any CPU
		Release|iPhone = Release|iPhone
		Release|iPhoneSimulator = Release|iPhoneSimulator
	EndGlobalSection
	GlobalSection(ProjectConfigurationPlatforms) = postSolution
		{8367D2ED-1955-4A36-8400-B0332DB94F6E}.Ad-Hoc|Any CPU.ActiveCfg = Release|Any CPU
		{8367D2ED-1955-4A36-8400-B0332DB94F6E}.Ad-Hoc|Any CPU.Build.0 = Release|Any CPU
		{8367D2ED-1955-4A36-8400-B0332DB94F6E}.Ad-Hoc|Any CPU.Deploy.0 = Release|Any CPU
		{8367D2ED-1955-4A36-8400-B0332DB94F6E}.Ad-Hoc|iPhone.ActiveCfg = Release|Any CPU
		{8367D2ED-1955-4A36-8400-B0332DB94F6E}.Ad-Hoc|iPhone.Build.0 = Release|Any CPU
		{8367D2ED-1955-4A36-8400-B0332DB94F6E}.Ad-Hoc|iPhone.Deploy.0 = Release|Any CPU
		{8367D2ED-1955-4A36-8400-B0332DB94F6E}.Ad-Hoc|iPhoneSimulator.ActiveCfg = Release|Any CPU
		{8367D2ED-1955-4A36-8400-B0332DB94F6E}.Ad-Hoc|iPhoneSimulator.Build.0 = Release|Any CPU
		{8367D2ED-1955-4A36-8400-B0332DB94F6E}.Ad-Hoc|iPhoneSimulator.Deploy.0 = Release|Any CPU
		{8367D2ED-1955-4A36-8400-B0332DB94F6E}.AppStore|Any CPU.ActiveCfg = Release|Any CPU
		{8367D2ED-1955-4A36-8400-B0332DB94F6E}.AppStore|Any CPU.Build.0 = Release|Any CPU
		{8367D2ED-1955-4A36-8400-B0332DB94F6E}.AppStore|Any CPU.Deploy.0 = Release|Any CPU
		{8367D2ED-1955-4A36-8400-B0332DB94F6E}.AppStore|iPhone.ActiveCfg = Release|Any CPU
		{8367D2ED-1955-4A36-8400-B0332DB94F6E}.AppStore|iPhone.Build.0 = Release|Any CPU
		{8367D2ED-1955-4A36-8400-B0332DB94F6E}.AppStore|iPhone.Deploy.0 = Release|Any CPU
		{8367D2ED-1955-4A36-8400-B0332DB94F6E}.AppStore|iPhoneSimulator.ActiveCfg = Release|Any CPU
		{8367D2ED-1955-4A36-8400-B0332DB94F6E}.AppStore|iPhoneSimulator.Build.0 = Release|Any CPU
		{8367D2ED-1955-4A36-8400-B0332DB94F6E}.AppStore|iPhoneSimulator.Deploy.0 = Release|Any CPU
		{8367D2ED-1955-4A36-8400-B0332DB94F6E}.Debug|Any CPU.ActiveCfg = Debug|Any CPU
		{8367D2ED-1955-4A36-8400-B0332DB94F6E}.Debug|Any CPU.Build.0 = Debug|Any CPU
		{8367D2ED-1955-4A36-8400-B0332DB94F6E}.Debug|Any CPU.Deploy.0 = Debug|Any CPU
		{8367D2ED-1955-4A36-8400-B0332DB94F6E}.Debug|iPhone.ActiveCfg = Debug|Any CPU
		{8367D2ED-1955-4A36-8400-B0332DB94F6E}.Debug|iPhone.Build.0 = Debug|Any CPU
		{8367D2ED-1955-4A36-8400-B0332DB94F6E}.Debug|iPhone.Deploy.0 = Debug|Any CPU
		{8367D2ED-1955-4A36-8400-B0332DB94F6E}.Debug|iPhoneSimulator.ActiveCfg = Debug|Any CPU
		{8367D2ED-1955-4A36-8400-B0332DB94F6E}.Debug|iPhoneSimulator.Build.0 = Debug|Any CPU
		{8367D2ED-1955-4A36-8400-B0332DB94F6E}.Debug|iPhoneSimulator.Deploy.0 = Debug|Any CPU
		{8367D2ED-1955-4A36-8400-B0332DB94F6E}.Release|Any CPU.ActiveCfg = Release|Any CPU
		{8367D2ED-1955-4A36-8400-B0332DB94F6E}.Release|Any CPU.Build.0 = Release|Any CPU
		{8367D2ED-1955-4A36-8400-B0332DB94F6E}.Release|Any CPU.Deploy.0 = Release|Any CPU
		{8367D2ED-1955-4A36-8400-B0332DB94F6E}.Release|iPhone.ActiveCfg = Release|Any CPU
		{8367D2ED-1955-4A36-8400-B0332DB94F6E}.Release|iPhone.Build.0 = Release|Any CPU
		{8367D2ED-1955-4A36-8400-B0332DB94F6E}.Release|iPhone.Deploy.0 = Release|Any CPU
		{8367D2ED-1955-4A36-8400-B0332DB94F6E}.Release|iPhoneSimulator.ActiveCfg = Release|Any CPU
		{8367D2ED-1955-4A36-8400-B0332DB94F6E}.Release|iPhoneSimulator.Build.0 = Release|Any CPU
		{8367D2ED-1955-4A36-8400-B0332DB94F6E}.Release|iPhoneSimulator.Deploy.0 = Release|Any CPU
		{C6375BCB-2916-4CDF-BB64-592418ED2299}.Ad-Hoc|Any CPU.ActiveCfg = Ad-Hoc|iPhone
		{C6375BCB-2916-4CDF-BB64-592418ED2299}.Ad-Hoc|Any CPU.Build.0 = Ad-Hoc|iPhone
		{C6375BCB-2916-4CDF-BB64-592418ED2299}.Ad-Hoc|Any CPU.Deploy.0 = Ad-Hoc|iPhone
		{C6375BCB-2916-4CDF-BB64-592418ED2299}.Ad-Hoc|iPhone.ActiveCfg = Ad-Hoc|iPhone
		{C6375BCB-2916-4CDF-BB64-592418ED2299}.Ad-Hoc|iPhone.Build.0 = Ad-Hoc|iPhone
		{C6375BCB-2916-4CDF-BB64-592418ED2299}.Ad-Hoc|iPhone.Deploy.0 = Ad-Hoc|iPhone
		{C6375BCB-2916-4CDF-BB64-592418ED2299}.Ad-Hoc|iPhoneSimulator.ActiveCfg = Ad-Hoc|iPhoneSimulator
		{C6375BCB-2916-4CDF-BB64-592418ED2299}.Ad-Hoc|iPhoneSimulator.Build.0 = Ad-Hoc|iPhoneSimulator
		{C6375BCB-2916-4CDF-BB64-592418ED2299}.Ad-Hoc|iPhoneSimulator.Deploy.0 = Ad-Hoc|iPhoneSimulator
		{C6375BCB-2916-4CDF-BB64-592418ED2299}.AppStore|Any CPU.ActiveCfg = AppStore|iPhone
		{C6375BCB-2916-4CDF-BB64-592418ED2299}.AppStore|Any CPU.Build.0 = AppStore|iPhone
		{C6375BCB-2916-4CDF-BB64-592418ED2299}.AppStore|Any CPU.Deploy.0 = AppStore|iPhone
		{C6375BCB-2916-4CDF-BB64-592418ED2299}.AppStore|iPhone.ActiveCfg = AppStore|iPhone
		{C6375BCB-2916-4CDF-BB64-592418ED2299}.AppStore|iPhone.Build.0 = AppStore|iPhone
		{C6375BCB-2916-4CDF-BB64-592418ED2299}.AppStore|iPhone.Deploy.0 = AppStore|iPhone
		{C6375BCB-2916-4CDF-BB64-592418ED2299}.AppStore|iPhoneSimulator.ActiveCfg = AppStore|iPhoneSimulator
		{C6375BCB-2916-4CDF-BB64-592418ED2299}.AppStore|iPhoneSimulator.Build.0 = AppStore|iPhoneSimulator
		{C6375BCB-2916-4CDF-BB64-592418ED2299}.AppStore|iPhoneSimulator.Deploy.0 = AppStore|iPhoneSimulator
		{C6375BCB-2916-4CDF-BB64-592418ED2299}.Debug|Any CPU.ActiveCfg = Debug|iPhoneSimulator
		{C6375BCB-2916-4CDF-BB64-592418ED2299}.Debug|Any CPU.Build.0 = Debug|iPhoneSimulator
		{C6375BCB-2916-4CDF-BB64-592418ED2299}.Debug|Any CPU.Deploy.0 = Debug|iPhoneSimulator
		{C6375BCB-2916-4CDF-BB64-592418ED2299}.Debug|iPhone.ActiveCfg = Debug|iPhone
		{C6375BCB-2916-4CDF-BB64-592418ED2299}.Debug|iPhone.Build.0 = Debug|iPhone
		{C6375BCB-2916-4CDF-BB64-592418ED2299}.Debug|iPhone.Deploy.0 = Debug|iPhone
		{C6375BCB-2916-4CDF-BB64-592418ED2299}.Debug|iPhoneSimulator.ActiveCfg = Debug|iPhoneSimulator
		{C6375BCB-2916-4CDF-BB64-592418ED2299}.Debug|iPhoneSimulator.Build.0 = Debug|iPhoneSimulator
		{C6375BCB-2916-4CDF-BB64-592418ED2299}.Debug|iPhoneSimulator.Deploy.0 = Debug|iPhoneSimulator
		{C6375BCB-2916-4CDF-BB64-592418ED2299}.Release|Any CPU.ActiveCfg = Release|iPhone
		{C6375BCB-2916-4CDF-BB64-592418ED2299}.Release|Any CPU.Build.0 = Release|iPhone
		{C6375BCB-2916-4CDF-BB64-592418ED2299}.Release|Any CPU.Deploy.0 = Release|iPhone
		{C6375BCB-2916-4CDF-BB64-592418ED2299}.Release|iPhone.ActiveCfg = Release|iPhone
		{C6375BCB-2916-4CDF-BB64-592418ED2299}.Release|iPhone.Build.0 = Release|iPhone
		{C6375BCB-2916-4CDF-BB64-592418ED2299}.Release|iPhone.Deploy.0 = Release|iPhone
		{C6375BCB-2916-4CDF-BB64-592418ED2299}.Release|iPhoneSimulator.ActiveCfg = Release|iPhoneSimulator
		{C6375BCB-2916-4CDF-BB64-592418ED2299}.Release|iPhoneSimulator.Build.0 = Release|iPhoneSimulator
		{C6375BCB-2916-4CDF-BB64-592418ED2299}.Release|iPhoneSimulator.Deploy.0 = Release|iPhoneSimulator
		{355A64B5-72BD-4A72-A4A4-F036FDAB6CCA}.Ad-Hoc|Any CPU.ActiveCfg = Debug|Any CPU
		{355A64B5-72BD-4A72-A4A4-F036FDAB6CCA}.Ad-Hoc|Any CPU.Build.0 = Debug|Any CPU
		{355A64B5-72BD-4A72-A4A4-F036FDAB6CCA}.Ad-Hoc|Any CPU.Deploy.0 = Debug|Any CPU
		{355A64B5-72BD-4A72-A4A4-F036FDAB6CCA}.Ad-Hoc|iPhone.ActiveCfg = Debug|Any CPU
		{355A64B5-72BD-4A72-A4A4-F036FDAB6CCA}.Ad-Hoc|iPhone.Build.0 = Debug|Any CPU
		{355A64B5-72BD-4A72-A4A4-F036FDAB6CCA}.Ad-Hoc|iPhone.Deploy.0 = Debug|Any CPU
		{355A64B5-72BD-4A72-A4A4-F036FDAB6CCA}.Ad-Hoc|iPhoneSimulator.ActiveCfg = Debug|Any CPU
		{355A64B5-72BD-4A72-A4A4-F036FDAB6CCA}.Ad-Hoc|iPhoneSimulator.Build.0 = Debug|Any CPU
		{355A64B5-72BD-4A72-A4A4-F036FDAB6CCA}.Ad-Hoc|iPhoneSimulator.Deploy.0 = Debug|Any CPU
		{355A64B5-72BD-4A72-A4A4-F036FDAB6CCA}.AppStore|Any CPU.ActiveCfg = Debug|Any CPU
		{355A64B5-72BD-4A72-A4A4-F036FDAB6CCA}.AppStore|Any CPU.Build.0 = Debug|Any CPU
		{355A64B5-72BD-4A72-A4A4-F036FDAB6CCA}.AppStore|Any CPU.Deploy.0 = Debug|Any CPU
		{355A64B5-72BD-4A72-A4A4-F036FDAB6CCA}.AppStore|iPhone.ActiveCfg = Debug|Any CPU
		{355A64B5-72BD-4A72-A4A4-F036FDAB6CCA}.AppStore|iPhone.Build.0 = Debug|Any CPU
		{355A64B5-72BD-4A72-A4A4-F036FDAB6CCA}.AppStore|iPhone.Deploy.0 = Debug|Any CPU
		{355A64B5-72BD-4A72-A4A4-F036FDAB6CCA}.AppStore|iPhoneSimulator.ActiveCfg = Debug|Any CPU
		{355A64B5-72BD-4A72-A4A4-F036FDAB6CCA}.AppStore|iPhoneSimulator.Build.0 = Debug|Any CPU
		{355A64B5-72BD-4A72-A4A4-F036FDAB6CCA}.AppStore|iPhoneSimulator.Deploy.0 = Debug|Any CPU
		{355A64B5-72BD-4A72-A4A4-F036FDAB6CCA}.Debug|Any CPU.ActiveCfg = Debug|Any CPU
		{355A64B5-72BD-4A72-A4A4-F036FDAB6CCA}.Debug|Any CPU.Build.0 = Debug|Any CPU
		{355A64B5-72BD-4A72-A4A4-F036FDAB6CCA}.Debug|Any CPU.Deploy.0 = Debug|Any CPU
		{355A64B5-72BD-4A72-A4A4-F036FDAB6CCA}.Debug|iPhone.ActiveCfg = Debug|Any CPU
		{355A64B5-72BD-4A72-A4A4-F036FDAB6CCA}.Debug|iPhone.Build.0 = Debug|Any CPU
		{355A64B5-72BD-4A72-A4A4-F036FDAB6CCA}.Debug|iPhone.Deploy.0 = Debug|Any CPU
		{355A64B5-72BD-4A72-A4A4-F036FDAB6CCA}.Debug|iPhoneSimulator.ActiveCfg = Debug|Any CPU
		{355A64B5-72BD-4A72-A4A4-F036FDAB6CCA}.Debug|iPhoneSimulator.Build.0 = Debug|Any CPU
		{355A64B5-72BD-4A72-A4A4-F036FDAB6CCA}.Debug|iPhoneSimulator.Deploy.0 = Debug|Any CPU
		{355A64B5-72BD-4A72-A4A4-F036FDAB6CCA}.Release|Any CPU.ActiveCfg = Release|Any CPU
		{355A64B5-72BD-4A72-A4A4-F036FDAB6CCA}.Release|Any CPU.Build.0 = Release|Any CPU
		{355A64B5-72BD-4A72-A4A4-F036FDAB6CCA}.Release|Any CPU.Deploy.0 = Release|Any CPU
		{355A64B5-72BD-4A72-A4A4-F036FDAB6CCA}.Release|iPhone.ActiveCfg = Release|Any CPU
		{355A64B5-72BD-4A72-A4A4-F036FDAB6CCA}.Release|iPhone.Build.0 = Release|Any CPU
		{355A64B5-72BD-4A72-A4A4-F036FDAB6CCA}.Release|iPhone.Deploy.0 = Release|Any CPU
		{355A64B5-72BD-4A72-A4A4-F036FDAB6CCA}.Release|iPhoneSimulator.ActiveCfg = Release|Any CPU
		{355A64B5-72BD-4A72-A4A4-F036FDAB6CCA}.Release|iPhoneSimulator.Build.0 = Release|Any CPU
		{355A64B5-72BD-4A72-A4A4-F036FDAB6CCA}.Release|iPhoneSimulator.Deploy.0 = Release|Any CPU
		{6E93D741-66BC-4088-8B3D-C5BB1CF20B91}.Ad-Hoc|Any CPU.ActiveCfg = Debug|Any CPU
		{6E93D741-66BC-4088-8B3D-C5BB1CF20B91}.Ad-Hoc|Any CPU.Build.0 = Debug|Any CPU
		{6E93D741-66BC-4088-8B3D-C5BB1CF20B91}.Ad-Hoc|iPhone.ActiveCfg = Debug|Any CPU
		{6E93D741-66BC-4088-8B3D-C5BB1CF20B91}.Ad-Hoc|iPhone.Build.0 = Debug|Any CPU
		{6E93D741-66BC-4088-8B3D-C5BB1CF20B91}.Ad-Hoc|iPhoneSimulator.ActiveCfg = Debug|Any CPU
		{6E93D741-66BC-4088-8B3D-C5BB1CF20B91}.Ad-Hoc|iPhoneSimulator.Build.0 = Debug|Any CPU
		{6E93D741-66BC-4088-8B3D-C5BB1CF20B91}.AppStore|Any CPU.ActiveCfg = Debug|Any CPU
		{6E93D741-66BC-4088-8B3D-C5BB1CF20B91}.AppStore|Any CPU.Build.0 = Debug|Any CPU
		{6E93D741-66BC-4088-8B3D-C5BB1CF20B91}.AppStore|iPhone.ActiveCfg = Debug|Any CPU
		{6E93D741-66BC-4088-8B3D-C5BB1CF20B91}.AppStore|iPhone.Build.0 = Debug|Any CPU
		{6E93D741-66BC-4088-8B3D-C5BB1CF20B91}.AppStore|iPhoneSimulator.ActiveCfg = Debug|Any CPU
		{6E93D741-66BC-4088-8B3D-C5BB1CF20B91}.AppStore|iPhoneSimulator.Build.0 = Debug|Any CPU
		{6E93D741-66BC-4088-8B3D-C5BB1CF20B91}.Debug|Any CPU.ActiveCfg = Debug|Any CPU
		{6E93D741-66BC-4088-8B3D-C5BB1CF20B91}.Debug|Any CPU.Build.0 = Debug|Any CPU
		{6E93D741-66BC-4088-8B3D-C5BB1CF20B91}.Debug|iPhone.ActiveCfg = Debug|Any CPU
		{6E93D741-66BC-4088-8B3D-C5BB1CF20B91}.Debug|iPhone.Build.0 = Debug|Any CPU
		{6E93D741-66BC-4088-8B3D-C5BB1CF20B91}.Debug|iPhoneSimulator.ActiveCfg = Debug|Any CPU
		{6E93D741-66BC-4088-8B3D-C5BB1CF20B91}.Debug|iPhoneSimulator.Build.0 = Debug|Any CPU
		{6E93D741-66BC-4088-8B3D-C5BB1CF20B91}.Release|Any CPU.ActiveCfg = Release|Any CPU
		{6E93D741-66BC-4088-8B3D-C5BB1CF20B91}.Release|Any CPU.Build.0 = Release|Any CPU
		{6E93D741-66BC-4088-8B3D-C5BB1CF20B91}.Release|iPhone.ActiveCfg = Release|Any CPU
		{6E93D741-66BC-4088-8B3D-C5BB1CF20B91}.Release|iPhone.Build.0 = Release|Any CPU
		{6E93D741-66BC-4088-8B3D-C5BB1CF20B91}.Release|iPhoneSimulator.ActiveCfg = Release|Any CPU
		{6E93D741-66BC-4088-8B3D-C5BB1CF20B91}.Release|iPhoneSimulator.Build.0 = Release|Any CPU
	EndGlobalSection
	GlobalSection(SolutionProperties) = preSolution
		HideSolutionNode = FALSE
	EndGlobalSection
	GlobalSection(ExtensibilityGlobals) = postSolution
		SolutionGuid = {C77DABAA-7E76-4496-ADDE-A318D53DC506}
	EndGlobalSection
EndGlobal
